// !$*UTF8*$!
{
	archiveVersion = 1;
	classes = {
	};
	objectVersion = 46;
	objects = {

/* Begin PBXBuildFile section */
		81BE0BD41D3578D6002A9573 /* AppDelegate.swift in Sources */ = {isa = PBXBuildFile; fileRef = 81BE0BD31D3578D6002A9573 /* AppDelegate.swift */; };
		81BE0BD61D3578D6002A9573 /* ViewController.swift in Sources */ = {isa = PBXBuildFile; fileRef = 81BE0BD51D3578D6002A9573 /* ViewController.swift */; };
		81BE0BD91D3578D6002A9573 /* Main.storyboard in Resources */ = {isa = PBXBuildFile; fileRef = 81BE0BD71D3578D6002A9573 /* Main.storyboard */; };
		81BE0BDB1D3578D6002A9573 /* Assets.xcassets in Resources */ = {isa = PBXBuildFile; fileRef = 81BE0BDA1D3578D6002A9573 /* Assets.xcassets */; };
		81BE0BDE1D3578D6002A9573 /* LaunchScreen.storyboard in Resources */ = {isa = PBXBuildFile; fileRef = 81BE0BDC1D3578D6002A9573 /* LaunchScreen.storyboard */; };
/* End PBXBuildFile section */

/* Begin PBXFileReference section */
		81BE0BD01D3578D6002A9573 /* UIAlertControllerDemo.app */ = {isa = PBXFileReference; explicitFileType = wrapper.application; includeInIndex = 0; path = UIAlertControllerDemo.app; sourceTree = BUILT_PRODUCTS_DIR; };
		81BE0BD31D3578D6002A9573 /* AppDelegate.swift */ = {isa = PBXFileReference; lastKnownFileType = sourcecode.swift; path = AppDelegate.swift; sourceTree = "<group>"; };
		81BE0BD51D3578D6002A9573 /* ViewController.swift */ = {isa = PBXFileReference; lastKnownFileType = sourcecode.swift; path = ViewController.swift; sourceTree = "<group>"; };
		81BE0BD81D3578D6002A9573 /* Base */ = {isa = PBXFileReference; lastKnownFileType = file.storyboard; name = Base; path = Base.lproj/Main.storyboard; sourceTree = "<group>"; };
		81BE0BDA1D3578D6002A9573 /* Assets.xcassets */ = {isa = PBXFileReference; lastKnownFileType = folder.assetcatalog; path = Assets.xcassets; sourceTree = "<group>"; };
		81BE0BDD1D3578D6002A9573 /* Base */ = {isa = PBXFileReference; lastKnownFileType = file.storyboard; name = Base; path = Base.lproj/LaunchScreen.storyboard; sourceTree = "<group>"; };
		81BE0BDF1D3578D6002A9573 /* Info.plist */ = {isa = PBXFileReference; lastKnownFileType = text.plist.xml; path = Info.plist; sourceTree = "<group>"; };
/* End PBXFileReference section */

/* Begin PBXFrameworksBuildPhase section */
		81BE0BCD1D3578D6002A9573 /* Frameworks */ = {
			isa = PBXFrameworksBuildPhase;
			buildActionMask = 2147483647;
			files = (
			);
			runOnlyForDeploymentPostprocessing = 0;
		};
/* End PBXFrameworksBuildPhase section */

/* Begin PBXGroup section */
		81BE0BC71D3578D6002A9573 = {
			isa = PBXGroup;
			children = (
				81BE0BD21D3578D6002A9573 /* UIAlertControllerDemo */,
				81BE0BD11D3578D6002A9573 /* Products */,
			);
			sourceTree = "<group>";
		};
		81BE0BD11D3578D6002A9573 /* Products */ = {
			isa = PBXGroup;
			children = (
				81BE0BD01D3578D6002A9573 /* UIAlertControllerDemo.app */,
			);
			name = Products;
			sourceTree = "<group>";
		};
		81BE0BD21D3578D6002A9573 /* UIAlertControllerDemo */ = {
			isa = PBXGroup;
			children = (
				81BE0BD31D3578D6002A9573 /* AppDelegate.swift */,
				81BE0BD51D3578D6002A9573 /* ViewController.swift */,
				81BE0BD71D3578D6002A9573 /* Main.storyboard */,
				81BE0BDA1D3578D6002A9573 /* Assets.xcassets */,
				81BE0BDC1D3578D6002A9573 /* LaunchScreen.storyboard */,
				81BE0BDF1D3578D6002A9573 /* Info.plist */,
			);
			path = UIAlertControllerDemo;
			sourceTree = "<group>";
		};
/* End PBXGroup section */

/* Begin PBXNativeTarget section */
		81BE0BCF1D3578D6002A9573 /* UIAlertControllerDemo */ = {
			isa = PBXNativeTarget;
			buildConfigurationList = 81BE0BE21D3578D6002A9573 /* Build configuration list for PBXNativeTarget "UIAlertControllerDemo" */;
			buildPhases = (
				81BE0BCC1D3578D6002A9573 /* Sources */,
				81BE0BCD1D3578D6002A9573 /* Frameworks */,
				81BE0BCE1D3578D6002A9573 /* Resources */,
			);
			buildRules = (
			);
			dependencies = (
			);
			name = UIAlertControllerDemo;
			productName = UIAlertControllerDemo;
			productReference = 81BE0BD01D3578D6002A9573 /* UIAlertControllerDemo.app */;
			productType = "com.apple.product-type.application";
		};
/* End PBXNativeTarget section */

/* Begin PBXProject section */
		81BE0BC81D3578D6002A9573 /* Project object */ = {
			isa = PBXProject;
			attributes = {
				LastSwiftUpdateCheck = 0730;
				LastUpgradeCheck = 0730;
				ORGANIZATIONNAME = "Carlos Rosario";
				TargetAttributes = {
					81BE0BCF1D3578D6002A9573 = {
						CreatedOnToolsVersion = 7.3.1;
					};
				};
			};
			buildConfigurationList = 81BE0BCB1D3578D6002A9573 /* Build configuration list for PBXProject "UIAlertControllerDemo" */;
			compatibilityVersion = "Xcode 3.2";
			developmentRegion = English;
			hasScannedForEncodings = 0;
			knownRegions = (
				en,
				Base,
			);
			mainGroup = 81BE0BC71D3578D6002A9573;
			productRefGroup = 81BE0BD11D3578D6002A9573 /* Products */;
			projectDirPath = "";
			projectRoot = "";
			targets = (
				81BE0BCF1D3578D6002A9573 /* UIAlertControllerDemo */,
			);
		};
/* End PBXProject section */

/* Begin PBXResourcesBuildPhase section */
		81BE0BCE1D3578D6002A9573 /* Resources */ = {
			isa = PBXResourcesBuildPhase;
			buildActionMask = 2147483647;
			files = (
				81BE0BDE1D3578D6002A9573 /* LaunchScreen.storyboard in Resources */,
				81BE0BDB1D3578D6002A9573 /* Assets.xcassets in Resources */,
				81BE0BD91D3578D6002A9573 /* Main.storyboard in Resources */,
			);
			runOnlyForDeploymentPostprocessing = 0;
		};
/* End PBXResourcesBuildPhase section */

/* Begin PBXSourcesBuildPhase section */
		81BE0BCC1D3578D6002A9573 /* Sources */ = {
			isa = PBXSourcesBuildPhase;
			buildActionMask = 2147483647;
			files = (
				81BE0BD61D3578D6002A9573 /* ViewController.swift in Sources */,
				81BE0BD41D3578D6002A9573 /* AppDelegate.swift in Sources */,
			);
			runOnlyForDeploymentPostprocessing = 0;
		};
/* End PBXSourcesBuildPhase section */

/* Begin PBXVariantGroup section */
		81BE0BD71D3578D6002A9573 /* Main.storyboard */ = {
			isa = PBXVariantGroup;
			children = (
				81BE0BD81D3578D6002A9573 /* Base */,
			);
			name = Main.storyboard;
			sourceTree = "<group>";
		};
		81BE0BDC1D3578D6002A9573 /* LaunchScreen.storyboard */ = {
			isa = PBXVariantGroup;
			children = (
				81BE0BDD1D3578D6002A9573 /* Base */,
			);
			name = LaunchScreen.storyboard;
			sourceTree = "<group>";
		};
/* End PBXVariantGroup section */

/* Begin XCBuildConfiguration section */
		81BE0BE01D3578D6002A9573 /* Debug */ = {
			isa = XCBuildConfiguration;
			buildSettings = {
				ALWAYS_SEARCH_USER_PATHS = NO;
				CLANG_ANALYZER_NONNULL = YES;
				CLANG_CXX_LANGUAGE_STANDARD = "gnu++0x";
				CLANG_CXX_LIBRARY = "libc++";
				CLANG_ENABLE_MODULES = YES;
				CLANG_ENABLE_OBJC_ARC = YES;
				CLANG_WARN_BOOL_CONVERSION = YES;
				CLANG_WARN_CONSTANT_CONVERSION = YES;
				CLANG_WARN_DIRECT_OBJC_ISA_USAGE = YES_ERROR;
				CLANG_WARN_EMPTY_BODY = YES;
				CLANG_WARN_ENUM_CONVERSION = YES;
				CLANG_WARN_INT_CONVERSION = YES;
				CLANG_WARN_OBJC_ROOT_CLASS = YES_ERROR;
				CLANG_WARN_UNREACHABLE_CODE = YES;
				CLANG_WARN__DUPLICATE_METHOD_MATCH = YES;
				"CODE_SIGN_IDENTITY[sdk=iphoneos*]" = "iPhone Developer";
				COPY_PHASE_STRIP = NO;
				DEBUG_INFORMATION_FORMAT = dwarf;
				ENABLE_STRICT_OBJC_MSGSEND = YES;
				ENABLE_TESTABILITY = YES;
				GCC_C_LANGUAGE_STANDARD = gnu99;
				GCC_DYNAMIC_NO_PIC = NO;
				GCC_NO_COMMON_BLOCKS = YES;
				GCC_OPTIMIZATION_LEVEL = 0;
				GCC_PREPROCESSOR_DEFINITIONS = (
					"DEBUG=1",
					"$(inherited)",
				);
				GCC_WARN_64_TO_32_BIT_CONVERSION = YES;
				GCC_WARN_ABOUT_RETURN_TYPE = YES_ERROR;
				GCC_WARN_UNDECLARED_SELECTOR = YES;
				GCC_WARN_UNINITIALIZED_AUTOS = YES_AGGRESSIVE;
				GCC_WARN_UNUSED_FUNCTION = YES;
				GCC_WARN_UNUSED_VARIABLE = YES;
				IPHONEOS_DEPLOYMENT_TARGET = 9.3;
				MTL_ENABLE_DEBUG_INFO = YES;
				ONLY_ACTIVE_ARCH = YES;
				SDKROOT = iphoneos;
				SWIFT_OPTIMIZATION_LEVEL = "-Onone";
				TARGETED_DEVICE_FAMILY = "1,2";
			};
			name = Debug;
		};
		81BE0BE11D3578D6002A9573 /* Release */ = {
			isa = XCBuildConfiguration;
			buildSettings = {
				ALWAYS_SEARCH_USER_PATHS = NO;
				CLANG_ANALYZER_NONNULL = YES;
				CLANG_CXX_LANGUAGE_STANDARD = "gnu++0x";
				CLANG_CXX_LIBRARY = "libc++";
				CLANG_ENABLE_MODULES = YES;
				CLANG_ENABLE_OBJC_ARC = YES;
				CLANG_WARN_BOOL_CONVERSION = YES;
				CLANG_WARN_CONSTANT_CONVERSION = YES;
				CLANG_WARN_DIRECT_OBJC_ISA_USAGE = YES_ERROR;
				CLANG_WARN_EMPTY_BODY = YES;
				CLANG_WARN_ENUM_CONVERSION = YES;
				CLANG_WARN_INT_CONVERSION = YES;
				CLANG_WARN_OBJC_ROOT_CLASS = YES_ERROR;
				CLANG_WARN_UNREACHABLE_CODE = YES;
				CLANG_WARN__DUPLICATE_METHOD_MATCH = YES;
				"CODE_SIGN_IDENTITY[sdk=iphoneos*]" = "iPhone Developer";
				COPY_PHASE_STRIP = NO;
				DEBUG_INFORMATION_FORMAT = "dwarf-with-dsym";
				ENABLE_NS_ASSERTIONS = NO;
				ENABLE_STRICT_OBJC_MSGSEND = YES;
				GCC_C_LANGUAGE_STANDARD = gnu99;
				GCC_NO_COMMON_BLOCKS = YES;
				GCC_WARN_64_TO_32_BIT_CONVERSION = YES;
				GCC_WARN_ABOUT_RETURN_TYPE = YES_ERROR;
				GCC_WARN_UNDECLARED_SELECTOR = YES;
				GCC_WARN_UNINITIALIZED_AUTOS = YES_AGGRESSIVE;
				GCC_WARN_UNUSED_FUNCTION = YES;
				GCC_WARN_UNUSED_VARIABLE = YES;
				IPHONEOS_DEPLOYMENT_TARGET = 9.3;
				MTL_ENABLE_DEBUG_INFO = NO;
				SDKROOT = iphoneos;
				TARGETED_DEVICE_FAMILY = "1,2";
				VALIDATE_PRODUCT = YES;
			};
			name = Release;
		};
		81BE0BE31D3578D6002A9573 /* Debug */ = {
			isa = XCBuildConfiguration;
			buildSettings = {
				ASSETCATALOG_COMPILER_APPICON_NAME = AppIcon;
				INFOPLIST_FILE = UIAlertControllerDemo/Info.plist;
				LD_RUNPATH_SEARCH_PATHS = "$(inherited) @executable_path/Frameworks";
				PRODUCT_BUNDLE_IDENTIFIER = com.ITCS6010.rosario.UIAlertControllerDemo;
				PRODUCT_NAME = "$(TARGET_NAME)";
			};
			name = Debug;
		};
		81BE0BE41D3578D6002A9573 /* Release */ = {
			isa = XCBuildConfiguration;
			buildSettings = {
				ASSETCATALOG_COMPILER_APPICON_NAME = AppIcon;
				INFOPLIST_FILE = UIAlertControllerDemo/Info.plist;
				LD_RUNPATH_SEARCH_PATHS = "$(inherited) @executable_path/Frameworks";
				PRODUCT_BUNDLE_IDENTIFIER = com.ITCS6010.rosario.UIAlertControllerDemo;
				PRODUCT_NAME = "$(TARGET_NAME)";
			};
			name = Release;
		};
/* End XCBuildConfiguration section */

/* Begin XCConfigurationList section */
		81BE0BCB1D3578D6002A9573 /* Build configuration list for PBXProject "UIAlertControllerDemo" */ = {
			isa = XCConfigurationList;
			buildConfigurations = (
				81BE0BE01D3578D6002A9573 /* Debug */,
				81BE0BE11D3578D6002A9573 /* Release */,
			);
			defaultConfigurationIsVisible = 0;
			defaultConfigurationName = Release;
		};
		81BE0BE21D3578D6002A9573 /* Build configuration list for PBXNativeTarget "UIAlertControllerDemo" */ = {
			isa = XCConfigurationList;
			buildConfigurations = (
				81BE0BE31D3578D6002A9573 /* Debug */,
				81BE0BE41D3578D6002A9573 /* Release */,
			);
			defaultConfigurationIsVisible = 0;
		};
/* End XCConfigurationList section */
	};
	rootObject = 81BE0BC81D3578D6002A9573 /* Project object */;
}
