// !$*UTF8*$!
{
	archiveVersion = 1;
	classes = {
	};
	objectVersion = 46;
	objects = {

/* Begin PBXBuildFile section */
		3F9447AA1D3806A2002A0E1B /* AppDelegate.swift in Sources */ = {isa = PBXBuildFile; fileRef = 3F9447A91D3806A2002A0E1B /* AppDelegate.swift */; };
		3F9447AF1D3806A2002A0E1B /* Main.storyboard in Resources */ = {isa = PBXBuildFile; fileRef = 3F9447AD1D3806A2002A0E1B /* Main.storyboard */; };
		3F9447B11D3806A2002A0E1B /* Assets.xcassets in Resources */ = {isa = PBXBuildFile; fileRef = 3F9447B01D3806A2002A0E1B /* Assets.xcassets */; };
		3F9447B41D3806A2002A0E1B /* LaunchScreen.storyboard in Resources */ = {isa = PBXBuildFile; fileRef = 3F9447B21D3806A2002A0E1B /* LaunchScreen.storyboard */; };
		3F9447BD1D38077C002A0E1B /* ImageViewController.swift in Sources */ = {isa = PBXBuildFile; fileRef = 3F9447BC1D38077C002A0E1B /* ImageViewController.swift */; };
		815BC8311D38109F0094B945 /* CassiniViewController.swift in Sources */ = {isa = PBXBuildFile; fileRef = 815BC8301D38109F0094B945 /* CassiniViewController.swift */; };
		815BC8331D3813EA0094B945 /* DemoURL.swift in Sources */ = {isa = PBXBuildFile; fileRef = 815BC8321D3813EA0094B945 /* DemoURL.swift */; };
/* End PBXBuildFile section */

/* Begin PBXFileReference section */
		3F9447A61D3806A2002A0E1B /* ScrollViewDemoCassini.app */ = {isa = PBXFileReference; explicitFileType = wrapper.application; includeInIndex = 0; path = ScrollViewDemoCassini.app; sourceTree = BUILT_PRODUCTS_DIR; };
		3F9447A91D3806A2002A0E1B /* AppDelegate.swift */ = {isa = PBXFileReference; lastKnownFileType = sourcecode.swift; path = AppDelegate.swift; sourceTree = "<group>"; };
		3F9447AE1D3806A2002A0E1B /* Base */ = {isa = PBXFileReference; lastKnownFileType = file.storyboard; name = Base; path = Base.lproj/Main.storyboard; sourceTree = "<group>"; };
		3F9447B01D3806A2002A0E1B /* Assets.xcassets */ = {isa = PBXFileReference; lastKnownFileType = folder.assetcatalog; path = Assets.xcassets; sourceTree = "<group>"; };
		3F9447B31D3806A2002A0E1B /* Base */ = {isa = PBXFileReference; lastKnownFileType = file.storyboard; name = Base; path = Base.lproj/LaunchScreen.storyboard; sourceTree = "<group>"; };
		3F9447B51D3806A2002A0E1B /* Info.plist */ = {isa = PBXFileReference; lastKnownFileType = text.plist.xml; path = Info.plist; sourceTree = "<group>"; };
		3F9447BC1D38077C002A0E1B /* ImageViewController.swift */ = {isa = PBXFileReference; fileEncoding = 4; lastKnownFileType = sourcecode.swift; path = ImageViewController.swift; sourceTree = "<group>"; };
		815BC8301D38109F0094B945 /* CassiniViewController.swift */ = {isa = PBXFileReference; fileEncoding = 4; lastKnownFileType = sourcecode.swift; path = CassiniViewController.swift; sourceTree = "<group>"; };
		815BC8321D3813EA0094B945 /* DemoURL.swift */ = {isa = PBXFileReference; fileEncoding = 4; lastKnownFileType = sourcecode.swift; path = DemoURL.swift; sourceTree = "<group>"; };
/* End PBXFileReference section */

/* Begin PBXFrameworksBuildPhase section */
		3F9447A31D3806A1002A0E1B /* Frameworks */ = {
			isa = PBXFrameworksBuildPhase;
			buildActionMask = 2147483647;
			files = (
			);
			runOnlyForDeploymentPostprocessing = 0;
		};
/* End PBXFrameworksBuildPhase section */

/* Begin PBXGroup section */
		3F94479D1D3806A1002A0E1B = {
			isa = PBXGroup;
			children = (
				3F9447A81D3806A2002A0E1B /* ScrollViewDemoCassini */,
				3F9447A71D3806A2002A0E1B /* Products */,
			);
			sourceTree = "<group>";
		};
		3F9447A71D3806A2002A0E1B /* Products */ = {
			isa = PBXGroup;
			children = (
				3F9447A61D3806A2002A0E1B /* ScrollViewDemoCassini.app */,
			);
			name = Products;
			sourceTree = "<group>";
		};
		3F9447A81D3806A2002A0E1B /* ScrollViewDemoCassini */ = {
			isa = PBXGroup;
			children = (
				3F9447AD1D3806A2002A0E1B /* Main.storyboard */,
				815BC8301D38109F0094B945 /* CassiniViewController.swift */,
				815BC8321D3813EA0094B945 /* DemoURL.swift */,
				3F9447BC1D38077C002A0E1B /* ImageViewController.swift */,
				3F9447B51D3806A2002A0E1B /* Info.plist */,
				3F9447BB1D3806FB002A0E1B /* Supporting Files */,
			);
			path = ScrollViewDemoCassini;
			sourceTree = "<group>";
		};
		3F9447BB1D3806FB002A0E1B /* Supporting Files */ = {
			isa = PBXGroup;
			children = (
				3F9447A91D3806A2002A0E1B /* AppDelegate.swift */,
				3F9447B01D3806A2002A0E1B /* Assets.xcassets */,
				3F9447B21D3806A2002A0E1B /* LaunchScreen.storyboard */,
			);
			name = "Supporting Files";
			sourceTree = "<group>";
		};
/* End PBXGroup section */

/* Begin PBXNativeTarget section */
		3F9447A51D3806A1002A0E1B /* ScrollViewDemoCassini */ = {
			isa = PBXNativeTarget;
			buildConfigurationList = 3F9447B81D3806A2002A0E1B /* Build configuration list for PBXNativeTarget "ScrollViewDemoCassini" */;
			buildPhases = (
				3F9447A21D3806A1002A0E1B /* Sources */,
				3F9447A31D3806A1002A0E1B /* Frameworks */,
				3F9447A41D3806A1002A0E1B /* Resources */,
			);
			buildRules = (
			);
			dependencies = (
			);
			name = ScrollViewDemoCassini;
			productName = ScrollViewDemoCassini;
			productReference = 3F9447A61D3806A2002A0E1B /* ScrollViewDemoCassini.app */;
			productType = "com.apple.product-type.application";
		};
/* End PBXNativeTarget section */

/* Begin PBXProject section */
		3F94479E1D3806A1002A0E1B /* Project object */ = {
			isa = PBXProject;
			attributes = {
				LastSwiftUpdateCheck = 0720;
				LastUpgradeCheck = 0720;
				ORGANIZATIONNAME = rosario;
				TargetAttributes = {
					3F9447A51D3806A1002A0E1B = {
						CreatedOnToolsVersion = 7.2;
					};
				};
			};
			buildConfigurationList = 3F9447A11D3806A1002A0E1B /* Build configuration list for PBXProject "ScrollViewDemoCassini" */;
			compatibilityVersion = "Xcode 3.2";
			developmentRegion = English;
			hasScannedForEncodings = 0;
			knownRegions = (
				en,
				Base,
			);
			mainGroup = 3F94479D1D3806A1002A0E1B;
			productRefGroup = 3F9447A71D3806A2002A0E1B /* Products */;
			projectDirPath = "";
			projectRoot = "";
			targets = (
				3F9447A51D3806A1002A0E1B /* ScrollViewDemoCassini */,
			);
		};
/* End PBXProject section */

/* Begin PBXResourcesBuildPhase section */
		3F9447A41D3806A1002A0E1B /* Resources */ = {
			isa = PBXResourcesBuildPhase;
			buildActionMask = 2147483647;
			files = (
				3F9447B41D3806A2002A0E1B /* LaunchScreen.storyboard in Resources */,
				3F9447B11D3806A2002A0E1B /* Assets.xcassets in Resources */,
				3F9447AF1D3806A2002A0E1B /* Main.storyboard in Resources */,
			);
			runOnlyForDeploymentPostprocessing = 0;
		};
/* End PBXResourcesBuildPhase section */

/* Begin PBXSourcesBuildPhase section */
		3F9447A21D3806A1002A0E1B /* Sources */ = {
			isa = PBXSourcesBuildPhase;
			buildActionMask = 2147483647;
			files = (
				815BC8331D3813EA0094B945 /* DemoURL.swift in Sources */,
				3F9447BD1D38077C002A0E1B /* ImageViewController.swift in Sources */,
				815BC8311D38109F0094B945 /* CassiniViewController.swift in Sources */,
				3F9447AA1D3806A2002A0E1B /* AppDelegate.swift in Sources */,
			);
			runOnlyForDeploymentPostprocessing = 0;
		};
/* End PBXSourcesBuildPhase section */

/* Begin PBXVariantGroup section */
		3F9447AD1D3806A2002A0E1B /* Main.storyboard */ = {
			isa = PBXVariantGroup;
			children = (
				3F9447AE1D3806A2002A0E1B /* Base */,
			);
			name = Main.storyboard;
			sourceTree = "<group>";
		};
		3F9447B21D3806A2002A0E1B /* LaunchScreen.storyboard */ = {
			isa = PBXVariantGroup;
			children = (
				3F9447B31D3806A2002A0E1B /* Base */,
			);
			name = LaunchScreen.storyboard;
			sourceTree = "<group>";
		};
/* End PBXVariantGroup section */

/* Begin XCBuildConfiguration section */
		3F9447B61D3806A2002A0E1B /* Debug */ = {
			isa = XCBuildConfiguration;
			buildSettings = {
				ALWAYS_SEARCH_USER_PATHS = NO;
				CLANG_CXX_LANGUAGE_STANDARD = "gnu++0x";
				CLANG_CXX_LIBRARY = "libc++";
				CLANG_ENABLE_MODULES = YES;
				CLANG_ENABLE_OBJC_ARC = YES;
				CLANG_WARN_BOOL_CONVERSION = YES;
				CLANG_WARN_CONSTANT_CONVERSION = YES;
				CLANG_WARN_DIRECT_OBJC_ISA_USAGE = YES_ERROR;
				CLANG_WARN_EMPTY_BODY = YES;
				CLANG_WARN_ENUM_CONVERSION = YES;
				CLANG_WARN_INT_CONVERSION = YES;
				CLANG_WARN_OBJC_ROOT_CLASS = YES_ERROR;
				CLANG_WARN_UNREACHABLE_CODE = YES;
				CLANG_WARN__DUPLICATE_METHOD_MATCH = YES;
				"CODE_SIGN_IDENTITY[sdk=iphoneos*]" = "iPhone Developer";
				COPY_PHASE_STRIP = NO;
				DEBUG_INFORMATION_FORMAT = dwarf;
				ENABLE_STRICT_OBJC_MSGSEND = YES;
				ENABLE_TESTABILITY = YES;
				GCC_C_LANGUAGE_STANDARD = gnu99;
				GCC_DYNAMIC_NO_PIC = NO;
				GCC_NO_COMMON_BLOCKS = YES;
				GCC_OPTIMIZATION_LEVEL = 0;
				GCC_PREPROCESSOR_DEFINITIONS = (
					"DEBUG=1",
					"$(inherited)",
				);
				GCC_WARN_64_TO_32_BIT_CONVERSION = YES;
				GCC_WARN_ABOUT_RETURN_TYPE = YES_ERROR;
				GCC_WARN_UNDECLARED_SELECTOR = YES;
				GCC_WARN_UNINITIALIZED_AUTOS = YES_AGGRESSIVE;
				GCC_WARN_UNUSED_FUNCTION = YES;
				GCC_WARN_UNUSED_VARIABLE = YES;
				IPHONEOS_DEPLOYMENT_TARGET = 9.2;
				MTL_ENABLE_DEBUG_INFO = YES;
				ONLY_ACTIVE_ARCH = YES;
				SDKROOT = iphoneos;
				SWIFT_OPTIMIZATION_LEVEL = "-Onone";
				TARGETED_DEVICE_FAMILY = "1,2";
			};
			name = Debug;
		};
		3F9447B71D3806A2002A0E1B /* Release */ = {
			isa = XCBuildConfiguration;
			buildSettings = {
				ALWAYS_SEARCH_USER_PATHS = NO;
				CLANG_CXX_LANGUAGE_STANDARD = "gnu++0x";
				CLANG_CXX_LIBRARY = "libc++";
				CLANG_ENABLE_MODULES = YES;
				CLANG_ENABLE_OBJC_ARC = YES;
				CLANG_WARN_BOOL_CONVERSION = YES;
				CLANG_WARN_CONSTANT_CONVERSION = YES;
				CLANG_WARN_DIRECT_OBJC_ISA_USAGE = YES_ERROR;
				CLANG_WARN_EMPTY_BODY = YES;
				CLANG_WARN_ENUM_CONVERSION = YES;
				CLANG_WARN_INT_CONVERSION = YES;
				CLANG_WARN_OBJC_ROOT_CLASS = YES_ERROR;
				CLANG_WARN_UNREACHABLE_CODE = YES;
				CLANG_WARN__DUPLICATE_METHOD_MATCH = YES;
				"CODE_SIGN_IDENTITY[sdk=iphoneos*]" = "iPhone Developer";
				COPY_PHASE_STRIP = NO;
				DEBUG_INFORMATION_FORMAT = "dwarf-with-dsym";
				ENABLE_NS_ASSERTIONS = NO;
				ENABLE_STRICT_OBJC_MSGSEND = YES;
				GCC_C_LANGUAGE_STANDARD = gnu99;
				GCC_NO_COMMON_BLOCKS = YES;
				GCC_WARN_64_TO_32_BIT_CONVERSION = YES;
				GCC_WARN_ABOUT_RETURN_TYPE = YES_ERROR;
				GCC_WARN_UNDECLARED_SELECTOR = YES;
				GCC_WARN_UNINITIALIZED_AUTOS = YES_AGGRESSIVE;
				GCC_WARN_UNUSED_FUNCTION = YES;
				GCC_WARN_UNUSED_VARIABLE = YES;
				IPHONEOS_DEPLOYMENT_TARGET = 9.2;
				MTL_ENABLE_DEBUG_INFO = NO;
				SDKROOT = iphoneos;
				TARGETED_DEVICE_FAMILY = "1,2";
				VALIDATE_PRODUCT = YES;
			};
			name = Release;
		};
		3F9447B91D3806A2002A0E1B /* Debug */ = {
			isa = XCBuildConfiguration;
			buildSettings = {
				ASSETCATALOG_COMPILER_APPICON_NAME = AppIcon;
				INFOPLIST_FILE = ScrollViewDemoCassini/Info.plist;
				LD_RUNPATH_SEARCH_PATHS = "$(inherited) @executable_path/Frameworks";
				PRODUCT_BUNDLE_IDENTIFIER = com.rosario.ScrollViewDemoCassini;
				PRODUCT_NAME = "$(TARGET_NAME)";
			};
			name = Debug;
		};
		3F9447BA1D3806A2002A0E1B /* Release */ = {
			isa = XCBuildConfiguration;
			buildSettings = {
				ASSETCATALOG_COMPILER_APPICON_NAME = AppIcon;
				INFOPLIST_FILE = ScrollViewDemoCassini/Info.plist;
				LD_RUNPATH_SEARCH_PATHS = "$(inherited) @executable_path/Frameworks";
				PRODUCT_BUNDLE_IDENTIFIER = com.rosario.ScrollViewDemoCassini;
				PRODUCT_NAME = "$(TARGET_NAME)";
			};
			name = Release;
		};
/* End XCBuildConfiguration section */

/* Begin XCConfigurationList section */
		3F9447A11D3806A1002A0E1B /* Build configuration list for PBXProject "ScrollViewDemoCassini" */ = {
			isa = XCConfigurationList;
			buildConfigurations = (
				3F9447B61D3806A2002A0E1B /* Debug */,
				3F9447B71D3806A2002A0E1B /* Release */,
			);
			defaultConfigurationIsVisible = 0;
			defaultConfigurationName = Release;
		};
		3F9447B81D3806A2002A0E1B /* Build configuration list for PBXNativeTarget "ScrollViewDemoCassini" */ = {
			isa = XCConfigurationList;
			buildConfigurations = (
				3F9447B91D3806A2002A0E1B /* Debug */,
				3F9447BA1D3806A2002A0E1B /* Release */,
			);
			defaultConfigurationIsVisible = 0;
			defaultConfigurationName = Release;
		};
/* End XCConfigurationList section */
	};
	rootObject = 3F94479E1D3806A1002A0E1B /* Project object */;
}
